
Microsoft Visual Studio Solution File, Format Version 12.00
Project("{FAE04EC0-301F-11D3-BF4B-00C04F79EFBC}") = "UnitTestingTutorial", "UnitTestingTutorial\UnitTestingTutorial.csproj", "{2144A35B-4286-4947-B6DE-67E7803856E6}"
EndProject
Project("{FAE04EC0-301F-11D3-BF4B-00C04F79EFBC}") = "Bank", "Bank\Bank.csproj", "{E75E7306-41DD-40AB-93EB-81FDC55AD489}"
EndProject
Project("{FAE04EC0-301F-11D3-BF4B-00C04F79EFBC}") = "Bank.00.Introduction.Tests", "Bank.00.Introduction.Tests\Bank.00.Introduction.Tests.csproj", "{C9C1BCA7-3FE1-4B7B-9964-7B938F4E8400}"
EndProject
Project("{FAE04EC0-301F-11D3-BF4B-00C04F79EFBC}") = "Bank.01.FakeItEasy.Tests", "Bank.01.FakeItEasy.Tests\Bank.01.FakeItEasy.Tests.csproj", "{E82C1458-FBA7-4C9B-9A90-32DBF6B698AE}"
EndProject
Project("{FAE04EC0-301F-11D3-BF4B-00C04F79EFBC}") = "Bank.02.FluentAssertions.Tests", "Bank.02.FluentAssertions.Tests\Bank.02.FluentAssertions.Tests.csproj", "{9CA136CB-2B98-4D24-A35F-94E6E7E89DDD}"
EndProject
Global
	GlobalSection(SolutionConfigurationPlatforms) = preSolution
		Debug|Any CPU = Debug|Any CPU
		Release|Any CPU = Release|Any CPU
	EndGlobalSection
	GlobalSection(ProjectConfigurationPlatforms) = postSolution
		{2144A35B-4286-4947-B6DE-67E7803856E6}.Debug|Any CPU.ActiveCfg = Debug|Any CPU
		{2144A35B-4286-4947-B6DE-67E7803856E6}.Debug|Any CPU.Build.0 = Debug|Any CPU
		{2144A35B-4286-4947-B6DE-67E7803856E6}.Release|Any CPU.ActiveCfg = Release|Any CPU
		{2144A35B-4286-4947-B6DE-67E7803856E6}.Release|Any CPU.Build.0 = Release|Any CPU
		{E75E7306-41DD-40AB-93EB-81FDC55AD489}.Debug|Any CPU.ActiveCfg = Debug|Any CPU
		{E75E7306-41DD-40AB-93EB-81FDC55AD489}.Debug|Any CPU.Build.0 = Debug|Any CPU
		{E75E7306-41DD-40AB-93EB-81FDC55AD489}.Release|Any CPU.ActiveCfg = Release|Any CPU
		{E75E7306-41DD-40AB-93EB-81FDC55AD489}.Release|Any CPU.Build.0 = Release|Any CPU
		{C9C1BCA7-3FE1-4B7B-9964-7B938F4E8400}.Debug|Any CPU.ActiveCfg = Debug|Any CPU
		{C9C1BCA7-3FE1-4B7B-9964-7B938F4E8400}.Debug|Any CPU.Build.0 = Debug|Any CPU
		{C9C1BCA7-3FE1-4B7B-9964-7B938F4E8400}.Release|Any CPU.ActiveCfg = Release|Any CPU
		{C9C1BCA7-3FE1-4B7B-9964-7B938F4E8400}.Release|Any CPU.Build.0 = Release|Any CPU
		{E82C1458-FBA7-4C9B-9A90-32DBF6B698AE}.Debug|Any CPU.ActiveCfg = Debug|Any CPU
		{E82C1458-FBA7-4C9B-9A90-32DBF6B698AE}.Debug|Any CPU.Build.0 = Debug|Any CPU
		{E82C1458-FBA7-4C9B-9A90-32DBF6B698AE}.Release|Any CPU.ActiveCfg = Release|Any CPU
		{E82C1458-FBA7-4C9B-9A90-32DBF6B698AE}.Release|Any CPU.Build.0 = Release|Any CPU
		{9CA136CB-2B98-4D24-A35F-94E6E7E89DDD}.Debug|Any CPU.ActiveCfg = Debug|Any CPU
		{9CA136CB-2B98-4D24-A35F-94E6E7E89DDD}.Debug|Any CPU.Build.0 = Debug|Any CPU
		{9CA136CB-2B98-4D24-A35F-94E6E7E89DDD}.Release|Any CPU.ActiveCfg = Release|Any CPU
		{9CA136CB-2B98-4D24-A35F-94E6E7E89DDD}.Release|Any CPU.Build.0 = Release|Any CPU
	EndGlobalSection
EndGlobal
