
Microsoft Visual Studio Solution File, Format Version 12.00
Project("{FAE04EC0-301F-11D3-BF4B-00C04F79EFBC}") = "Bank.Domain", "Bank.Domain\Bank.Domain.csproj", "{E75E7306-41DD-40AB-93EB-81FDC55AD489}"
EndProject
Project("{FAE04EC0-301F-11D3-BF4B-00C04F79EFBC}") = "Bank.Data", "Bank.Data\Bank.Data.csproj", "{F00DDA31-C42D-4409-9507-125A075302FE}"
EndProject
Project("{FAE04EC0-301F-11D3-BF4B-00C04F79EFBC}") = "Bank.ConsoleClient", "Bank.ConsoleClient\Bank.ConsoleClient.csproj", "{1F801312-6430-4239-8475-E3F392F1C462}"
EndProject
Project("{FAE04EC0-301F-11D3-BF4B-00C04F79EFBC}") = "Bank.BL", "Bank.BL\Bank.BL.csproj", "{AAFFE57B-C674-4E53-919F-C198470642D9}"
EndProject
Project("{FAE04EC0-301F-11D3-BF4B-00C04F79EFBC}") = "Bank.Shared", "Bank.Shared\Bank.Shared.csproj", "{2E9BC7C6-276A-4846-990B-FCC66DB5E2BB}"
EndProject
Project("{FAE04EC0-301F-11D3-BF4B-00C04F79EFBC}") = "Bank.BL.Tests", "Bank.BL.Tests\Bank.BL.Tests.csproj", "{9B1F5DE1-BE45-4FA2-8DAD-AB03271D7723}"
EndProject
Project("{FAE04EC0-301F-11D3-BF4B-00C04F79EFBC}") = "Bank.Domain.Tests", "Bank.Domain.Tests\Bank.Domain.Tests.csproj", "{BB8450A2-120F-4085-80D3-6B14933913FD}"
EndProject
Global
	GlobalSection(SolutionConfigurationPlatforms) = preSolution
		Debug|Any CPU = Debug|Any CPU
		Release|Any CPU = Release|Any CPU
	EndGlobalSection
	GlobalSection(ProjectConfigurationPlatforms) = postSolution
		{E75E7306-41DD-40AB-93EB-81FDC55AD489}.Debug|Any CPU.ActiveCfg = Debug|Any CPU
		{E75E7306-41DD-40AB-93EB-81FDC55AD489}.Debug|Any CPU.Build.0 = Debug|Any CPU
		{E75E7306-41DD-40AB-93EB-81FDC55AD489}.Release|Any CPU.ActiveCfg = Release|Any CPU
		{E75E7306-41DD-40AB-93EB-81FDC55AD489}.Release|Any CPU.Build.0 = Release|Any CPU
		{F00DDA31-C42D-4409-9507-125A075302FE}.Debug|Any CPU.ActiveCfg = Debug|Any CPU
		{F00DDA31-C42D-4409-9507-125A075302FE}.Debug|Any CPU.Build.0 = Debug|Any CPU
		{F00DDA31-C42D-4409-9507-125A075302FE}.Release|Any CPU.ActiveCfg = Release|Any CPU
		{F00DDA31-C42D-4409-9507-125A075302FE}.Release|Any CPU.Build.0 = Release|Any CPU
		{1F801312-6430-4239-8475-E3F392F1C462}.Debug|Any CPU.ActiveCfg = Debug|Any CPU
		{1F801312-6430-4239-8475-E3F392F1C462}.Debug|Any CPU.Build.0 = Debug|Any CPU
		{1F801312-6430-4239-8475-E3F392F1C462}.Release|Any CPU.ActiveCfg = Release|Any CPU
		{1F801312-6430-4239-8475-E3F392F1C462}.Release|Any CPU.Build.0 = Release|Any CPU
		{AAFFE57B-C674-4E53-919F-C198470642D9}.Debug|Any CPU.ActiveCfg = Debug|Any CPU
		{AAFFE57B-C674-4E53-919F-C198470642D9}.Debug|Any CPU.Build.0 = Debug|Any CPU
		{AAFFE57B-C674-4E53-919F-C198470642D9}.Release|Any CPU.ActiveCfg = Release|Any CPU
		{AAFFE57B-C674-4E53-919F-C198470642D9}.Release|Any CPU.Build.0 = Release|Any CPU
		{2E9BC7C6-276A-4846-990B-FCC66DB5E2BB}.Debug|Any CPU.ActiveCfg = Debug|Any CPU
		{2E9BC7C6-276A-4846-990B-FCC66DB5E2BB}.Debug|Any CPU.Build.0 = Debug|Any CPU
		{2E9BC7C6-276A-4846-990B-FCC66DB5E2BB}.Release|Any CPU.ActiveCfg = Release|Any CPU
		{2E9BC7C6-276A-4846-990B-FCC66DB5E2BB}.Release|Any CPU.Build.0 = Release|Any CPU
		{9B1F5DE1-BE45-4FA2-8DAD-AB03271D7723}.Debug|Any CPU.ActiveCfg = Debug|Any CPU
		{9B1F5DE1-BE45-4FA2-8DAD-AB03271D7723}.Debug|Any CPU.Build.0 = Debug|Any CPU
		{9B1F5DE1-BE45-4FA2-8DAD-AB03271D7723}.Release|Any CPU.ActiveCfg = Release|Any CPU
		{9B1F5DE1-BE45-4FA2-8DAD-AB03271D7723}.Release|Any CPU.Build.0 = Release|Any CPU
		{BB8450A2-120F-4085-80D3-6B14933913FD}.Debug|Any CPU.ActiveCfg = Debug|Any CPU
		{BB8450A2-120F-4085-80D3-6B14933913FD}.Debug|Any CPU.Build.0 = Debug|Any CPU
		{BB8450A2-120F-4085-80D3-6B14933913FD}.Release|Any CPU.ActiveCfg = Release|Any CPU
		{BB8450A2-120F-4085-80D3-6B14933913FD}.Release|Any CPU.Build.0 = Release|Any CPU
	EndGlobalSection
EndGlobal
